{
  "name": "SecuRent",
  "lockfileVersion": 3,
  "requires": true,
  "packages": {
    "": {
      "dependencies": {
        "card-validator": "^10.0.2"
      }
    },
    "node_modules/card-validator": {
      "version": "10.0.2",
      "resolved": "https://registry.npmjs.org/card-validator/-/card-validator-10.0.2.tgz",
      "integrity": "sha512-Mq8puzE9LqVoKK83Vpcl7x4CF2brHk/1ufYQWvVVpedGc/wXt844oWzwAkBbnbRdYQKwfBkfoWtR7vRvnIbf2g==",
      "dependencies": {
        "credit-card-type": "^10.0.2"
      }
    },
    "node_modules/credit-card-type": {
      "version": "10.0.2",
      "resolved": "https://registry.npmjs.org/credit-card-type/-/credit-card-type-10.0.2.tgz",
      "integrity": "sha512-vt/iQokU0mtrT7ceRU75FSmWnIh5JFpLsUUUWYRmztYekOGm0ZbCuzwFTbNkq41k92y+0B8ChscFhRN9DhVZEA=="
    }
  }
}
